
Microsoft Visual Studio Solution File, Format Version 12.00
# Visual Studio Version 17
VisualStudioVersion = 17.13.35931.197 d17.13
MinimumVisualStudioVersion = 10.0.40219.1
Project("{FAE04EC0-301F-11D3-BF4B-00C04F79EFBC}") = "agalloExamen", "agalloExamen.csproj", "{2C3732F3-FAE0-4D4C-95FE-E522C701271D}"
EndProject
Global
	GlobalSection(SolutionConfigurationPlatforms) = preSolution
		Debug|Any CPU = Debug|Any CPU
		Release|Any CPU = Release|Any CPU
	EndGlobalSection
	GlobalSection(ProjectConfigurationPlatforms) = postSolution
		{2C3732F3-FAE0-4D4C-95FE-E522C701271D}.Debug|Any CPU.ActiveCfg = Debug|Any CPU
		{2C3732F3-FAE0-4D4C-95FE-E522C701271D}.Debug|Any CPU.Build.0 = Debug|Any CPU
		{2C3732F3-FAE0-4D4C-95FE-E522C701271D}.Release|Any CPU.ActiveCfg = Release|Any CPU
		{2C3732F3-FAE0-4D4C-95FE-E522C701271D}.Release|Any CPU.Build.0 = Release|Any CPU
	EndGlobalSection
	GlobalSection(SolutionProperties) = preSolution
		HideSolutionNode = FALSE
	EndGlobalSection
	GlobalSection(ExtensibilityGlobals) = postSolution
		SolutionGuid = {1572A3DA-3EAE-497A-9BBB-E6D05CF7688C}
	EndGlobalSection
EndGlobal
